<?xml version="1.0" encoding="UTF-8" standalone="yes" ?>
<CodeBlocks_project_file>
	<FileVersion major="1" minor="6" />
	<Project>
		<Option title="Sokoban" />
		<Option pch_mode="2" />
		<Option compiler="gcc" />
		<Build>
			<Target title="Debug-Unix">
				<Option platforms="Unix;" />
				<Option output="bin/Debug/Unix/Sokoban" prefix_auto="1" extension_auto="1" />
				<Option working_dir="bin/Debug/Unix/" />
				<Option object_output="obj/Debug/Unix/" />
				<Option type="1" />
				<Option compiler="gcc" />
				<Compiler>
					<Add option="-Wunreachable-code" />
					<Add option="-Wextra" />
					<Add option="-Wall" />
					<Add option="-g" />
					<Add option="-std=c++11 -O0 -DBOOST_LOG_DYN_LINK" />
					<Add option="-DSFML_STATIC" />
					<Add directory="include" />
					<Add directory="include/sfml-unix" />
					<Add directory="/usr/include" />
				</Compiler>
				<Linker>
					<Add library="pthread" />
					<Add library="boost_date_time" />
					<Add library="boost_filesystem" />
					<Add library="boost_json" />
					<Add library="boost_locale" />
					<Add library="boost_log" />
					<Add library="boost_log_setup" />
					<Add library="boost_program_options" />
					<Add library="boost_serialization" />
					<Add library="boost_system" />
					<Add library="boost_thread" />
					<Add library="boost_timer" />
					<Add library="sfml-graphics" />
					<Add library="sfml-window" />
					<Add library="sfml-system" />
					<Add library="sfml-audio" />
					<Add library="sfml-network" />
					<Add library="icuio" />
					<Add library="icui18n" />
					<Add library="icuuc" />
					<Add library="icudata" />
					<Add library="sokoban_core" />
					<Add library="util_logger" />
					<Add library="util_serialize" />
					<Add directory="libs/sfml-unix/lib" />
					<Add directory="/usr/lib64" />
					<Add directory="libs/sokoban-linux" />
					<Add directory="libs/util-linux" />
				</Linker>
				<ExtraCommands>
					<Add before="mkdir -p $(TARGET_OUTPUT_DIR)" />
					<Add before="ln -sf $(PROJECT_DIR)src/assets $(TARGET_OUTPUT_DIR)" />
					<Mode after="always" />
				</ExtraCommands>
			</Target>
			<Target title="Release-Unix">
				<Option platforms="Unix;" />
				<Option output="bin/Release/Unix/Sokoban" prefix_auto="1" extension_auto="1" />
				<Option working_dir="bin/Release/Unix/" />
				<Option object_output="obj/Release/Unix/" />
				<Option type="0" />
				<Option compiler="gcc" />
				<Compiler>
					<Add option="-O2" />
					<Add option="-std=c++11 -DBOOST_LOG_DYN_LINK" />
					<Add option="-DSFML_STATIC" />
					<Add directory="include" />
					<Add directory="include/sfml-unix" />
					<Add directory="/usr/include" />
				</Compiler>
				<Linker>
					<Add option="-s" />
					<Add library="pthread" />
					<Add library="boost_date_time" />
					<Add library="boost_filesystem" />
					<Add library="boost_json" />
					<Add library="boost_locale" />
					<Add library="boost_log" />
					<Add library="boost_log_setup" />
					<Add library="boost_program_options" />
					<Add library="boost_serialization" />
					<Add library="boost_system" />
					<Add library="boost_thread" />
					<Add library="boost_timer" />
					<Add library="sfml-graphics" />
					<Add library="sfml-window" />
					<Add library="sfml-system" />
					<Add library="sfml-audio" />
					<Add library="sfml-network" />
					<Add library="icuio" />
					<Add library="icui18n" />
					<Add library="icuuc" />
					<Add library="icudata" />
					<Add library="sokoban_core" />
					<Add library="util_logger" />
					<Add library="util_serialize" />
					<Add directory="libs/sfml-unix/lib" />
					<Add directory="libs/sokoban-linux" />
					<Add directory="libs/util-linux" />
					<Add directory="/usr/lib64" />
				</Linker>
				<ExtraCommands>
					<Add before="mkdir -p $(TARGET_OUTPUT_DIR)" />
					<Add before="ln -sf $(PROJECT_DIR)src/assets $(TARGET_OUTPUT_DIR)" />
					<Mode after="always" />
				</ExtraCommands>
			</Target>
			<Target title="Debug-Windows">
				<Option platforms="Windows;" />
				<Option output="bin/Debug/Windows/Sokoban" prefix_auto="1" extension_auto="1" />
				<Option working_dir="bin/Debug/Windows/" />
				<Option object_output="obj/Debug/Windows/" />
				<Option type="1" />
				<Option compiler="gcc" />
				<Compiler>
					<Add option="-Wunreachable-code" />
					<Add option="-Wextra" />
					<Add option="-Wall" />
					<Add option="-g" />
					<Add option="-std=c++11 -O0 -DBOOST_LOG_DYN_LINK" />
					<Add option="-DSFML_STATIC" />
					<Add directory="/usr/include" />
				</Compiler>
				<Linker>
					<Add library="pthread" />
					<Add library="boost_atomic" />
					<Add library="boost_chrono" />
					<Add library="boost_container" />
					<Add library="boost_context" />
					<Add library="boost_contract" />
					<Add library="boost_coroutine" />
					<Add library="boost_date_time" />
					<Add library="boost_exception" />
					<Add library="boost_fiber" />
					<Add library="boost_filesystem" />
					<Add library="boost_graph" />
					<Add library="boost_iostreams" />
					<Add library="boost_json" />
					<Add library="boost_locale" />
					<Add library="boost_log" />
					<Add library="boost_log_setup" />
					<Add library="boost_math_c99" />
					<Add library="boost_math_c99f" />
					<Add library="boost_math_c99l" />
					<Add library="boost_math_tr1" />
					<Add library="boost_math_tr1f" />
					<Add library="boost_math_tr1l" />
					<Add library="boost_nowide" />
					<Add library="boost_prg_exec_monitor" />
					<Add library="boost_program_options" />
					<Add library="boost_random" />
					<Add library="boost_regex" />
					<Add library="boost_serialization" />
					<Add library="boost_system" />
					<Add library="boost_test_exec_monitor" />
					<Add library="boost_thread" />
					<Add library="boost_timer" />
					<Add library="boost_type_erasure" />
					<Add library="boost_unit_test_framework" />
					<Add library="boost_wave" />
					<Add library="boost_wserialization" />
					<Add library="sfml-graphics" />
					<Add library="sfml-window" />
					<Add library="sfml-system" />
					<Add library="sfml-audio" />
					<Add library="sfml-network" />
					<Add library="icuio" />
					<Add library="icui18n" />
					<Add library="icuuc" />
					<Add library="icudata" />
					<Add directory="/usr/lib64" />
				</Linker>
				<ExtraCommands>
					<Add before='mkdir -p &quot;$(TARGET_OUTPUT_DIR)&quot;' />
					<Add before='cp -vr src/assets &quot;$(TARGET_OUTPUT_DIR)&quot;' />
					<Mode after="always" />
				</ExtraCommands>
			</Target>
			<Target title="Release-Windows">
				<Option platforms="Windows;" />
				<Option output="bin/Release/Windows/Sokoban" prefix_auto="1" extension_auto="1" />
				<Option working_dir="bin/Release/Windows/" />
				<Option object_output="obj/Release/Windows/" />
				<Option type="0" />
				<Option compiler="gcc" />
				<Compiler>
					<Add option="-O2" />
					<Add option="-std=c++11 -DBOOST_LOG_DYN_LINK" />
					<Add option="-DSFML_STATIC" />
					<Add directory="/usr/include" />
				</Compiler>
				<Linker>
					<Add option="-s" />
					<Add library="pthread" />
					<Add library="boost_atomic" />
					<Add library="boost_chrono" />
					<Add library="boost_container" />
					<Add library="boost_context" />
					<Add library="boost_contract" />
					<Add library="boost_coroutine" />
					<Add library="boost_date_time" />
					<Add library="boost_exception" />
					<Add library="boost_fiber" />
					<Add library="boost_filesystem" />
					<Add library="boost_graph" />
					<Add library="boost_iostreams" />
					<Add library="boost_json" />
					<Add library="boost_locale" />
					<Add library="boost_log" />
					<Add library="boost_log_setup" />
					<Add library="boost_math_c99" />
					<Add library="boost_math_c99f" />
					<Add library="boost_math_c99l" />
					<Add library="boost_math_tr1" />
					<Add library="boost_math_tr1f" />
					<Add library="boost_math_tr1l" />
					<Add library="boost_nowide" />
					<Add library="boost_prg_exec_monitor" />
					<Add library="boost_program_options" />
					<Add library="boost_random" />
					<Add library="boost_regex" />
					<Add library="boost_serialization" />
					<Add library="boost_system" />
					<Add library="boost_test_exec_monitor" />
					<Add library="boost_thread" />
					<Add library="boost_timer" />
					<Add library="boost_type_erasure" />
					<Add library="boost_unit_test_framework" />
					<Add library="boost_wave" />
					<Add library="boost_wserialization" />
					<Add library="sfml-system" />
					<Add library="sfml-window" />
					<Add library="sfml-graphics" />
					<Add library="sfml-audio" />
					<Add library="sfml-network" />
					<Add library="icuio" />
					<Add library="icui18n" />
					<Add library="icuuc" />
					<Add library="icudata" />
					<Add directory="/usr/lib64" />
				</Linker>
				<ExtraCommands>
					<Add before='mkdir -p &quot;$(TARGET_OUTPUT_DIR)&quot;' />
					<Add before='cp -vr src/assets &quot;$(TARGET_OUTPUT_DIR)&quot;' />
					<Mode after="always" />
				</ExtraCommands>
			</Target>
		</Build>
		<Compiler>
			<Add option="-Wall" />
		</Compiler>
		<Unit filename="Makefile.am" />
		<Unit filename="common.mk" />
		<Unit filename="configure.ac" />
		<Unit filename="include/gzc/games/sokoban/ui/Category.hpp" />
		<Unit filename="include/gzc/games/sokoban/ui/Menu.hpp" />
		<Unit filename="include/gzc/games/sokoban/ui/Resource_Holder.hpp" />
		<Unit filename="include/gzc/games/sokoban/ui/Resource_Holder.inl" />
		<Unit filename="include/gzc/games/sokoban/ui/Utility.inl" />
		<Unit filename="include/gzc/games/sokoban/ui/gui/sfml/Animation.hpp" />
		<Unit filename="include/gzc/games/sokoban/ui/gui/sfml/Application.hpp" />
		<Unit filename="include/gzc/games/sokoban/ui/gui/sfml/Music_Player.hpp" />
		<Unit filename="include/gzc/games/sokoban/ui/gui/sfml/Resource_Identifiers.hpp" />
		<Unit filename="include/gzc/games/sokoban/ui/gui/sfml/Scene_Node.hpp" />
		<Unit filename="include/gzc/games/sokoban/ui/gui/sfml/Sound_Node.hpp" />
		<Unit filename="include/gzc/games/sokoban/ui/gui/sfml/Sound_Player.hpp" />
		<Unit filename="include/gzc/games/sokoban/ui/gui/sfml/Sprite_Node.hpp" />
		<Unit filename="include/gzc/games/sokoban/ui/gui/sfml/Utility.hpp" />
		<Unit filename="include/gzc/games/sokoban/ui/gui/sfml/World.hpp" />
		<Unit filename="include/gzc/games/sokoban/ui/gui/sfml/components/Button.hpp" />
		<Unit filename="include/gzc/games/sokoban/ui/gui/sfml/components/Component.hpp" />
		<Unit filename="include/gzc/games/sokoban/ui/gui/sfml/components/Container.hpp" />
		<Unit filename="include/gzc/games/sokoban/ui/gui/sfml/components/Label.hpp" />
		<Unit filename="include/gzc/games/sokoban/ui/gui/sfml/entities/Entity.hpp" />
		<Unit filename="include/gzc/games/sokoban/ui/gui/sfml/entities/Entity_Box.hpp" />
		<Unit filename="include/gzc/games/sokoban/ui/gui/sfml/entities/Entity_Movable.hpp" />
		<Unit filename="include/gzc/games/sokoban/ui/gui/sfml/entities/Entity_Platform.hpp" />
		<Unit filename="include/gzc/games/sokoban/ui/gui/sfml/entities/Entity_Player.hpp" />
		<Unit filename="include/gzc/games/sokoban/ui/gui/sfml/entities/Entity_Wall.hpp" />
		<Unit filename="include/gzc/games/sokoban/ui/gui/sfml/states/State.hpp" />
		<Unit filename="include/gzc/games/sokoban/ui/gui/sfml/states/State_Game.hpp" />
		<Unit filename="include/gzc/games/sokoban/ui/gui/sfml/states/State_Identifiers.hpp" />
		<Unit filename="include/gzc/games/sokoban/ui/gui/sfml/states/State_Menu.hpp" />
		<Unit filename="include/gzc/games/sokoban/ui/gui/sfml/states/State_Pause.hpp" />
		<Unit filename="include/gzc/games/sokoban/ui/gui/sfml/states/State_Settings.hpp" />
		<Unit filename="include/gzc/games/sokoban/ui/gui/sfml/states/State_Stack.hpp" />
		<Unit filename="include/gzc/games/sokoban/ui/gui/sfml/states/State_Title.hpp" />
		<Unit filename="src/Makefile.am" />
		<Unit filename="src/main.cpp" />
		<Unit filename="src/main.hpp" />
		<Unit filename="src/ui/Makefile.am" />
		<Unit filename="src/ui/Menu.cpp" />
		<Unit filename="src/ui/gui/Animation.cpp" />
		<Unit filename="src/ui/gui/Application.cpp" />
		<Unit filename="src/ui/gui/Makefile.am" />
		<Unit filename="src/ui/gui/Music_Player.cpp" />
		<Unit filename="src/ui/gui/Scene_Node.cpp" />
		<Unit filename="src/ui/gui/Sound_Node.cpp" />
		<Unit filename="src/ui/gui/Sound_Player.cpp" />
		<Unit filename="src/ui/gui/Sprite_Node.cpp" />
		<Unit filename="src/ui/gui/Utility.cpp" />
		<Unit filename="src/ui/gui/World.cpp" />
		<Unit filename="src/ui/gui/components/Button.cpp" />
		<Unit filename="src/ui/gui/components/Component.cpp" />
		<Unit filename="src/ui/gui/components/Container.cpp" />
		<Unit filename="src/ui/gui/components/Label.cpp" />
		<Unit filename="src/ui/gui/components/Makefile.am" />
		<Unit filename="src/ui/gui/entities/Entity.cpp" />
		<Unit filename="src/ui/gui/entities/Entity_Box.cpp" />
		<Unit filename="src/ui/gui/entities/Entity_Movable.cpp" />
		<Unit filename="src/ui/gui/entities/Entity_Platform.cpp" />
		<Unit filename="src/ui/gui/entities/Entity_Player.cpp" />
		<Unit filename="src/ui/gui/entities/Entity_Wall.cpp" />
		<Unit filename="src/ui/gui/entities/Makefile.am" />
		<Unit filename="src/ui/gui/states/Makefile.am" />
		<Unit filename="src/ui/gui/states/State.cpp" />
		<Unit filename="src/ui/gui/states/State_Game.cpp" />
		<Unit filename="src/ui/gui/states/State_Menu.cpp" />
		<Unit filename="src/ui/gui/states/State_Pause.cpp" />
		<Unit filename="src/ui/gui/states/State_Settings.cpp" />
		<Unit filename="src/ui/gui/states/State_Stack.cpp" />
		<Unit filename="src/ui/gui/states/State_Title.cpp" />
		<Extensions />
	</Project>
</CodeBlocks_project_file>
